
Microsoft Visual Studio Solution File, Format Version 12.00
# Visual Studio Version 17
VisualStudioVersion = 17.11.35312.102
MinimumVisualStudioVersion = 10.0.40219.1
Project("{FAE04EC0-301F-11D3-BF4B-00C04F79EFBC}") = "Geometry", "Geometry\Geometry.csproj", "{BD020152-A390-4F46-9E3D-0B1A0C748F19}"
EndProject
Global
	GlobalSection(SolutionConfigurationPlatforms) = preSolution
		Debug|Any CPU = Debug|Any CPU
		Release|Any CPU = Release|Any CPU
	EndGlobalSection
	GlobalSection(ProjectConfigurationPlatforms) = postSolution
		{BD020152-A390-4F46-9E3D-0B1A0C748F19}.Debug|Any CPU.ActiveCfg = Debug|Any CPU
		{BD020152-A390-4F46-9E3D-0B1A0C748F19}.Debug|Any CPU.Build.0 = Debug|Any CPU
		{BD020152-A390-4F46-9E3D-0B1A0C748F19}.Release|Any CPU.ActiveCfg = Release|Any CPU
		{BD020152-A390-4F46-9E3D-0B1A0C748F19}.Release|Any CPU.Build.0 = Release|Any CPU
	EndGlobalSection
	GlobalSection(SolutionProperties) = preSolution
		HideSolutionNode = FALSE
	EndGlobalSection
	GlobalSection(ExtensibilityGlobals) = postSolution
		SolutionGuid = {3FDDF9F2-1B71-4242-AE59-3031EDB39E71}
	EndGlobalSection
EndGlobal
