
Microsoft Visual Studio Solution File, Format Version 12.00
# Visual Studio Version 17
VisualStudioVersion = 17.11.35312.102
MinimumVisualStudioVersion = 10.0.40219.1
Project("{9A19103F-16F7-4668-BE54-9A1E7A4F7556}") = "Core", "Core.csproj", "{466443B1-663B-4733-AC0E-FF0AF62469A2}"
EndProject
Project("{FAE04EC0-301F-11D3-BF4B-00C04F79EFBC}") = "Infrastructure", "..\Infrastructure\Infrastructure.csproj", "{5FAD5295-8A13-4FC0-A81F-16A84449FCA4}"
EndProject
Project("{FAE04EC0-301F-11D3-BF4B-00C04F79EFBC}") = "UseCases", "..\UseCases\UseCases.csproj", "{959A9061-FE71-4A71-999F-A82E6B4E34F7}"
EndProject
Project("{FAE04EC0-301F-11D3-BF4B-00C04F79EFBC}") = "Console", "..\Console\Console.csproj", "{D99A599A-DC90-47F0-BAAC-D73AC4B8D240}"
EndProject
Global
	GlobalSection(SolutionConfigurationPlatforms) = preSolution
		Debug|Any CPU = Debug|Any CPU
		Release|Any CPU = Release|Any CPU
	EndGlobalSection
	GlobalSection(ProjectConfigurationPlatforms) = postSolution
		{466443B1-663B-4733-AC0E-FF0AF62469A2}.Debug|Any CPU.ActiveCfg = Debug|Any CPU
		{466443B1-663B-4733-AC0E-FF0AF62469A2}.Debug|Any CPU.Build.0 = Debug|Any CPU
		{466443B1-663B-4733-AC0E-FF0AF62469A2}.Release|Any CPU.ActiveCfg = Release|Any CPU
		{466443B1-663B-4733-AC0E-FF0AF62469A2}.Release|Any CPU.Build.0 = Release|Any CPU
		{5FAD5295-8A13-4FC0-A81F-16A84449FCA4}.Debug|Any CPU.ActiveCfg = Debug|Any CPU
		{5FAD5295-8A13-4FC0-A81F-16A84449FCA4}.Debug|Any CPU.Build.0 = Debug|Any CPU
		{5FAD5295-8A13-4FC0-A81F-16A84449FCA4}.Release|Any CPU.ActiveCfg = Release|Any CPU
		{5FAD5295-8A13-4FC0-A81F-16A84449FCA4}.Release|Any CPU.Build.0 = Release|Any CPU
		{959A9061-FE71-4A71-999F-A82E6B4E34F7}.Debug|Any CPU.ActiveCfg = Debug|Any CPU
		{959A9061-FE71-4A71-999F-A82E6B4E34F7}.Debug|Any CPU.Build.0 = Debug|Any CPU
		{959A9061-FE71-4A71-999F-A82E6B4E34F7}.Release|Any CPU.ActiveCfg = Release|Any CPU
		{959A9061-FE71-4A71-999F-A82E6B4E34F7}.Release|Any CPU.Build.0 = Release|Any CPU
		{D99A599A-DC90-47F0-BAAC-D73AC4B8D240}.Debug|Any CPU.ActiveCfg = Debug|Any CPU
		{D99A599A-DC90-47F0-BAAC-D73AC4B8D240}.Debug|Any CPU.Build.0 = Debug|Any CPU
		{D99A599A-DC90-47F0-BAAC-D73AC4B8D240}.Release|Any CPU.ActiveCfg = Release|Any CPU
		{D99A599A-DC90-47F0-BAAC-D73AC4B8D240}.Release|Any CPU.Build.0 = Release|Any CPU
	EndGlobalSection
	GlobalSection(SolutionProperties) = preSolution
		HideSolutionNode = FALSE
	EndGlobalSection
	GlobalSection(ExtensibilityGlobals) = postSolution
		SolutionGuid = {A94FADB6-98D9-4DF9-A2C4-960885A4DB53}
	EndGlobalSection
EndGlobal
